
Microsoft Visual Studio Solution File, Format Version 12.00
# Visual Studio 15
VisualStudioVersion = 15.0.27703.2035
MinimumVisualStudioVersion = 10.0.40219.1
Project("{FAE04EC0-301F-11D3-BF4B-00C04F79EFBC}") = "Angular2MVC", "Angular2MVC\Angular2MVC.csproj", "{F90919BC-282E-4652-9F24-D84B928BC038}"
EndProject
Global
	GlobalSection(SolutionConfigurationPlatforms) = preSolution
		Debug|Any CPU = Debug|Any CPU
		Release|Any CPU = Release|Any CPU
	EndGlobalSection
	GlobalSection(ProjectConfigurationPlatforms) = postSolution
		{F90919BC-282E-4652-9F24-D84B928BC038}.Debug|Any CPU.ActiveCfg = Debug|Any CPU
		{F90919BC-282E-4652-9F24-D84B928BC038}.Debug|Any CPU.Build.0 = Debug|Any CPU
		{F90919BC-282E-4652-9F24-D84B928BC038}.Release|Any CPU.ActiveCfg = Release|Any CPU
		{F90919BC-282E-4652-9F24-D84B928BC038}.Release|Any CPU.Build.0 = Release|Any CPU
	EndGlobalSection
	GlobalSection(SolutionProperties) = preSolution
		HideSolutionNode = FALSE
	EndGlobalSection
	GlobalSection(ExtensibilityGlobals) = postSolution
		SolutionGuid = {F3D904C5-A603-4A81-B54D-18D79DD477D6}
	EndGlobalSection
EndGlobal
